
Microsoft Visual Studio Solution File, Format Version 12.00
# Visual Studio Version 17
VisualStudioVersion = 17.4.33103.184
MinimumVisualStudioVersion = 10.0.40219.1
Project("{9A19103F-16F7-4668-BE54-9A1E7A4F7556}") = "ProgrammerToolkitBackend", "ProgrammerToolkitBackend\ProgrammerToolkitBackend.csproj", "{C6A59B93-E958-4971-9938-866B94143AC2}"
EndProject
Project("{9A19103F-16F7-4668-BE54-9A1E7A4F7556}") = "ProgrammerToolkit.Core", "ProgrammerToolkit.Core\ProgrammerToolkit.Core.csproj", "{2563A313-D475-4D42-BE49-89DACCE9EBE2}"
EndProject
Project("{FAE04EC0-301F-11D3-BF4B-00C04F79EFBC}") = "ChatGptBackEnd", "ChatGptBackEnd\ChatGptBackEnd.csproj", "{99DC1AAA-3735-46B1-A036-4FE8DAD34F9E}"
EndProject
Global
	GlobalSection(SolutionConfigurationPlatforms) = preSolution
		Debug|Any CPU = Debug|Any CPU
		Release|Any CPU = Release|Any CPU
	EndGlobalSection
	GlobalSection(ProjectConfigurationPlatforms) = postSolution
		{C6A59B93-E958-4971-9938-866B94143AC2}.Debug|Any CPU.ActiveCfg = Debug|Any CPU
		{C6A59B93-E958-4971-9938-866B94143AC2}.Debug|Any CPU.Build.0 = Debug|Any CPU
		{C6A59B93-E958-4971-9938-866B94143AC2}.Release|Any CPU.ActiveCfg = Release|Any CPU
		{C6A59B93-E958-4971-9938-866B94143AC2}.Release|Any CPU.Build.0 = Release|Any CPU
		{2563A313-D475-4D42-BE49-89DACCE9EBE2}.Debug|Any CPU.ActiveCfg = Debug|Any CPU
		{2563A313-D475-4D42-BE49-89DACCE9EBE2}.Debug|Any CPU.Build.0 = Debug|Any CPU
		{2563A313-D475-4D42-BE49-89DACCE9EBE2}.Release|Any CPU.ActiveCfg = Release|Any CPU
		{2563A313-D475-4D42-BE49-89DACCE9EBE2}.Release|Any CPU.Build.0 = Release|Any CPU
		{99DC1AAA-3735-46B1-A036-4FE8DAD34F9E}.Debug|Any CPU.ActiveCfg = Debug|Any CPU
		{99DC1AAA-3735-46B1-A036-4FE8DAD34F9E}.Debug|Any CPU.Build.0 = Debug|Any CPU
		{99DC1AAA-3735-46B1-A036-4FE8DAD34F9E}.Release|Any CPU.ActiveCfg = Release|Any CPU
		{99DC1AAA-3735-46B1-A036-4FE8DAD34F9E}.Release|Any CPU.Build.0 = Release|Any CPU
	EndGlobalSection
	GlobalSection(SolutionProperties) = preSolution
		HideSolutionNode = FALSE
	EndGlobalSection
	GlobalSection(ExtensibilityGlobals) = postSolution
		SolutionGuid = {1D998800-AB6D-47EF-851B-57722A34B005}
	EndGlobalSection
EndGlobal
